
Microsoft Visual Studio Solution File, Format Version 12.00
# Visual Studio Version 16
VisualStudioVersion = 16.0.30225.117
MinimumVisualStudioVersion = 10.0.40219.1
Project("{9A19103F-16F7-4668-BE54-9A1E7A4F7556}") = "Bomix Force", "Bomix Force\Bomix Force.csproj", "{5D453F7A-73C8-4749-8968-093E055FA502}"
EndProject
Global
	GlobalSection(SolutionConfigurationPlatforms) = preSolution
		Debug|Any CPU = Debug|Any CPU
		Release|Any CPU = Release|Any CPU
	EndGlobalSection
	GlobalSection(ProjectConfigurationPlatforms) = postSolution
		{5D453F7A-73C8-4749-8968-093E055FA502}.Debug|Any CPU.ActiveCfg = Debug|Any CPU
		{5D453F7A-73C8-4749-8968-093E055FA502}.Debug|Any CPU.Build.0 = Debug|Any CPU
		{5D453F7A-73C8-4749-8968-093E055FA502}.Release|Any CPU.ActiveCfg = Release|Any CPU
		{5D453F7A-73C8-4749-8968-093E055FA502}.Release|Any CPU.Build.0 = Release|Any CPU
	EndGlobalSection
	GlobalSection(SolutionProperties) = preSolution
		HideSolutionNode = FALSE
	EndGlobalSection
	GlobalSection(ExtensibilityGlobals) = postSolution
		SolutionGuid = {6CAC3270-2639-4954-B9B5-AB2C602BF768}
	EndGlobalSection
EndGlobal
